
Microsoft Visual Studio Solution File, Format Version 12.00
# Visual Studio Version 17
VisualStudioVersion = 17.0.31903.59
MinimumVisualStudioVersion = 10.0.40219.1
Project("{FAE04EC0-301F-11D3-BF4B-00C04F79EFBC}") = "GreyGui.Core", "GreyGui.Core\GreyGui.Core.csproj", "{B06D452D-5C2D-4651-93A2-C4A00BCBCE27}"
EndProject
Project("{FAE04EC0-301F-11D3-BF4B-00C04F79EFBC}") = "GreyGui.Demo", "GreyGui.Demo\GreyGui.Demo.csproj", "{73668DB6-2FD3-49A3-8DA8-F013EFBDEF4C}"
EndProject
Global
	GlobalSection(SolutionConfigurationPlatforms) = preSolution
		Debug|Any CPU = Debug|Any CPU
		Release|Any CPU = Release|Any CPU
	EndGlobalSection
	GlobalSection(SolutionProperties) = preSolution
		HideSolutionNode = FALSE
	EndGlobalSection
	GlobalSection(ProjectConfigurationPlatforms) = postSolution
		{B06D452D-5C2D-4651-93A2-C4A00BCBCE27}.Debug|Any CPU.ActiveCfg = Debug|Any CPU
		{B06D452D-5C2D-4651-93A2-C4A00BCBCE27}.Debug|Any CPU.Build.0 = Debug|Any CPU
		{B06D452D-5C2D-4651-93A2-C4A00BCBCE27}.Release|Any CPU.ActiveCfg = Release|Any CPU
		{B06D452D-5C2D-4651-93A2-C4A00BCBCE27}.Release|Any CPU.Build.0 = Release|Any CPU
		{73668DB6-2FD3-49A3-8DA8-F013EFBDEF4C}.Debug|Any CPU.ActiveCfg = Debug|Any CPU
		{73668DB6-2FD3-49A3-8DA8-F013EFBDEF4C}.Debug|Any CPU.Build.0 = Debug|Any CPU
		{73668DB6-2FD3-49A3-8DA8-F013EFBDEF4C}.Release|Any CPU.ActiveCfg = Release|Any CPU
		{73668DB6-2FD3-49A3-8DA8-F013EFBDEF4C}.Release|Any CPU.Build.0 = Release|Any CPU
	EndGlobalSection
EndGlobal
